<?xml version="1.0" encoding="UTF-8" standalone="yes" ?>
<CodeBlocks_project_file>
	<FileVersion major="1" minor="6" />
	<Project>
		<Option title="Arbarlith 2" />
		<Option pch_mode="0" />
		<Option compiler="gcc" />
		<Build>
			<Target title="default">
				<Option output="./arbarlith2/bin/arbarlith2" prefix_auto="1" extension_auto="1" />
				<Option working_dir="./arbarlith2/bin/" />
				<Option type="0" />
				<Option compiler="gcc" />
				<Option projectResourceIncludeDirsRelation="0" />
				<Compiler>
					<Add option="-g" />
					<Add option="-D_DEBUG" />
				</Compiler>
			</Target>
		</Build>
		<VirtualTargets>
			<Add alias="All" targets="default;" />
		</VirtualTargets>
		<Compiler>
			<Add option="-Wall" />
		</Compiler>
		<Linker>
			<Add library="SDL" />
			<Add library="GL" />
			<Add library="GLU" />
			<Add library="GLEW" />
			<Add library="IL" />
			<Add library="ILU" />
			<Add library="ILUT" />
			<Add library="SDL_mixer" />
		</Linker>
		<Unit filename="arbarlith2/Boss.cpp" />
		<Unit filename="arbarlith2/Boss.h" />
		<Unit filename="arbarlith2/Bullet.cpp" />
		<Unit filename="arbarlith2/Bullet.h" />
		<Unit filename="arbarlith2/DetectorProximityMonster.cpp" />
		<Unit filename="arbarlith2/DetectorProximityMonster.h" />
		<Unit filename="arbarlith2/Explosion.cpp" />
		<Unit filename="arbarlith2/Explosion.h" />
		<Unit filename="arbarlith2/GateOpener.cpp" />
		<Unit filename="arbarlith2/GateOpener.h" />
		<Unit filename="arbarlith2/Monster.cpp" />
		<Unit filename="arbarlith2/Monster.h" />
		<Unit filename="arbarlith2/MyPlayer.cpp" />
		<Unit filename="arbarlith2/MyPlayer.h" />
		<Unit filename="arbarlith2/Powerup.cpp" />
		<Unit filename="arbarlith2/Powerup.h" />
		<Unit filename="arbarlith2/PowerupHeal.cpp" />
		<Unit filename="arbarlith2/PowerupHeal.h" />
		<Unit filename="arbarlith2/PowerupSpell.cpp" />
		<Unit filename="arbarlith2/PowerupSpell.h" />
		<Unit filename="arbarlith2/Spawn.cpp" />
		<Unit filename="arbarlith2/Spawn.h" />
		<Unit filename="arbarlith2/Spell.cpp" />
		<Unit filename="arbarlith2/Spell.h" />
		<Unit filename="arbarlith2/SpellCasterFSM.cpp" />
		<Unit filename="arbarlith2/SpellCasterFSM.h" />
		<Unit filename="arbarlith2/SpellFireBall.cpp" />
		<Unit filename="arbarlith2/SpellFireBall.h" />
		<Unit filename="arbarlith2/SpellHeal.cpp" />
		<Unit filename="arbarlith2/SpellHeal.h" />
		<Unit filename="arbarlith2/SpellIncinerate.cpp" />
		<Unit filename="arbarlith2/SpellIncinerate.h" />
		<Unit filename="arbarlith2/Teleporter.cpp" />
		<Unit filename="arbarlith2/Teleporter.h" />
		<Unit filename="arbarlith2/TileGate.cpp" />
		<Unit filename="arbarlith2/TileGate.h" />
		<Unit filename="arbarlith2/engine/3dmath.cpp" />
		<Unit filename="arbarlith2/engine/3dmath.h" />
		<Unit filename="arbarlith2/engine/3dsLoader.cpp" />
		<Unit filename="arbarlith2/engine/3dsLoader.h" />
		<Unit filename="arbarlith2/engine/ActorFactory.cpp" />
		<Unit filename="arbarlith2/engine/ActorFactory.h" />
		<Unit filename="arbarlith2/engine/ActorSet.cpp" />
		<Unit filename="arbarlith2/engine/ActorSet.h" />
		<Unit filename="arbarlith2/engine/AnimationController.cpp" />
		<Unit filename="arbarlith2/engine/AnimationController.h" />
		<Unit filename="arbarlith2/engine/Application.h" />
		<Unit filename="arbarlith2/engine/BackdropTexture.cpp" />
		<Unit filename="arbarlith2/engine/BackdropTexture.h" />
		<Unit filename="arbarlith2/engine/Blur.cpp" />
		<Unit filename="arbarlith2/engine/Blur.h" />
		<Unit filename="arbarlith2/engine/BlurEffect.cpp" />
		<Unit filename="arbarlith2/engine/BlurEffect.h" />
		<Unit filename="arbarlith2/engine/BoundingBox.cpp" />
		<Unit filename="arbarlith2/engine/BoundingBox.h" />
		<Unit filename="arbarlith2/engine/COLOR.cpp" />
		<Unit filename="arbarlith2/engine/COLOR.h" />
		<Unit filename="arbarlith2/engine/CallbackInterpolator.h" />
		<Unit filename="arbarlith2/engine/CallbackTask.h" />
		<Unit filename="arbarlith2/engine/Command.h" />
		<Unit filename="arbarlith2/engine/Controller.cpp" />
		<Unit filename="arbarlith2/engine/Controller.h" />
		<Unit filename="arbarlith2/engine/CycleTextureSelectorState.cpp" />
		<Unit filename="arbarlith2/engine/CycleTextureSelectorState.h" />
		<Unit filename="arbarlith2/engine/DebugDisplayToggleKeyDetector.cpp" />
		<Unit filename="arbarlith2/engine/DebugDisplayToggleKeyDetector.h" />
		<Unit filename="arbarlith2/engine/DebugLabel.cpp" />
		<Unit filename="arbarlith2/engine/DebugLabel.h" />
		<Unit filename="arbarlith2/engine/Detector.cpp" />
		<Unit filename="arbarlith2/engine/Detector.h" />
		<Unit filename="arbarlith2/engine/DetectorProximity.cpp" />
		<Unit filename="arbarlith2/engine/DetectorProximity.h" />
		<Unit filename="arbarlith2/engine/DetectorProximityPlayer.cpp" />
		<Unit filename="arbarlith2/engine/DetectorProximityPlayer.h" />
		<Unit filename="arbarlith2/engine/Dimmer.cpp" />
		<Unit filename="arbarlith2/engine/Dimmer.h" />
		<Unit filename="arbarlith2/engine/EditWidget.cpp" />
		<Unit filename="arbarlith2/engine/EditWidget.h" />
		<Unit filename="arbarlith2/engine/EditorKeyDetector.cpp" />
		<Unit filename="arbarlith2/engine/EditorKeyDetector.h" />
		<Unit filename="arbarlith2/engine/EditorToolBar.cpp" />
		<Unit filename="arbarlith2/engine/EditorToolBar.h" />
		<Unit filename="arbarlith2/engine/Effect.cpp" />
		<Unit filename="arbarlith2/engine/Effect.h" />
		<Unit filename="arbarlith2/engine/EffectManager.cpp" />
		<Unit filename="arbarlith2/engine/EffectManager.h" />
		<Unit filename="arbarlith2/engine/EffectSig.h" />
		<Unit filename="arbarlith2/engine/Effect_GUI_FFP.cpp" />
		<Unit filename="arbarlith2/engine/Effect_GUI_FFP.h" />
		<Unit filename="arbarlith2/engine/Effect_Gouraud_FFP.cpp" />
		<Unit filename="arbarlith2/engine/Effect_Gouraud_FFP.h" />
		<Unit filename="arbarlith2/engine/Effect_Particle_FFP.cpp" />
		<Unit filename="arbarlith2/engine/Effect_Particle_FFP.h" />
		<Unit filename="arbarlith2/engine/Effect_Project_Shadows.cpp" />
		<Unit filename="arbarlith2/engine/Effect_Project_Shadows.h" />
		<Unit filename="arbarlith2/engine/Effect_Receive_Shadows.cpp" />
		<Unit filename="arbarlith2/engine/Effect_Receive_Shadows.h" />
		<Unit filename="arbarlith2/engine/Effect_Red_FFP.cpp" />
		<Unit filename="arbarlith2/engine/Effect_Red_FFP.h" />
		<Unit filename="arbarlith2/engine/Effect_TextureReplace_FFP.cpp" />
		<Unit filename="arbarlith2/engine/Effect_TextureReplace_FFP.h" />
		<Unit filename="arbarlith2/engine/Effect_Z_Only.cpp" />
		<Unit filename="arbarlith2/engine/Effect_Z_Only.h" />
		<Unit filename="arbarlith2/engine/FPSDisplayToggleKeyDetector.cpp" />
		<Unit filename="arbarlith2/engine/FPSDisplayToggleKeyDetector.h" />
		<Unit filename="arbarlith2/engine/Factory.h" />
		<Unit filename="arbarlith2/engine/FileSelectionList.cpp" />
		<Unit filename="arbarlith2/engine/FileSelectionList.h" />
		<Unit filename="arbarlith2/engine/GameState.h" />
		<Unit filename="arbarlith2/engine/GameStateCredits.cpp" />
		<Unit filename="arbarlith2/engine/GameStateCredits.h" />
		<Unit filename="arbarlith2/engine/GameStateEditor.cpp" />
		<Unit filename="arbarlith2/engine/GameStateEditor.h" />
		<Unit filename="arbarlith2/engine/GameStateMenu.cpp" />
		<Unit filename="arbarlith2/engine/GameStateMenu.h" />
		<Unit filename="arbarlith2/engine/GameStateRun.cpp" />
		<Unit filename="arbarlith2/engine/GameStateRun.h" />
		<Unit filename="arbarlith2/engine/GameStateSpellMenu.cpp" />
		<Unit filename="arbarlith2/engine/GameStateSpellMenu.h" />
		<Unit filename="arbarlith2/engine/ItemWidget.cpp" />
		<Unit filename="arbarlith2/engine/ItemWidget.h" />
		<Unit filename="arbarlith2/engine/Key.cpp" />
		<Unit filename="arbarlith2/engine/Key.h" />
		<Unit filename="arbarlith2/engine/Light.cpp" />
		<Unit filename="arbarlith2/engine/Light.h" />
		<Unit filename="arbarlith2/engine/LightManager.cpp" />
		<Unit filename="arbarlith2/engine/LightManager.h" />
		<Unit filename="arbarlith2/engine/LinearInterpolator.h" />
		<Unit filename="arbarlith2/engine/ListElementLabel.h" />
		<Unit filename="arbarlith2/engine/ListElementTweaker.h" />
		<Unit filename="arbarlith2/engine/ListElementWidget.cpp" />
		<Unit filename="arbarlith2/engine/ListElementWidget.h" />
		<Unit filename="arbarlith2/engine/ListPaneWidget.cpp" />
		<Unit filename="arbarlith2/engine/ListPaneWidget.h" />
		<Unit filename="arbarlith2/engine/Listener.cpp" />
		<Unit filename="arbarlith2/engine/Listener.h" />
		<Unit filename="arbarlith2/engine/ListenerPrompt.cpp" />
		<Unit filename="arbarlith2/engine/ListenerPrompt.h" />
		<Unit filename="arbarlith2/engine/Map.cpp" />
		<Unit filename="arbarlith2/engine/Map.h" />
		<Unit filename="arbarlith2/engine/Md3Loader.cpp" />
		<Unit filename="arbarlith2/engine/Md3Loader.h" />
		<Unit filename="arbarlith2/engine/Menu.cpp" />
		<Unit filename="arbarlith2/engine/Menu.h" />
		<Unit filename="arbarlith2/engine/MenuGameOver.cpp" />
		<Unit filename="arbarlith2/engine/MenuGameOver.h" />
		<Unit filename="arbarlith2/engine/MenuKeyDetector.cpp" />
		<Unit filename="arbarlith2/engine/MenuKeyDetector.h" />
		<Unit filename="arbarlith2/engine/MenuOptions.cpp" />
		<Unit filename="arbarlith2/engine/MenuOptions.h" />
		<Unit filename="arbarlith2/engine/MenuWorldLeadOut.cpp" />
		<Unit filename="arbarlith2/engine/MenuWorldLeadOut.h" />
		<Unit filename="arbarlith2/engine/MenuWorldSelection.cpp" />
		<Unit filename="arbarlith2/engine/MenuWorldSelection.h" />
		<Unit filename="arbarlith2/engine/Message.h" />
		<Unit filename="arbarlith2/engine/MessageRouter.cpp" />
		<Unit filename="arbarlith2/engine/MessageRouter.h" />
		<Unit filename="arbarlith2/engine/ModelLoader.cpp" />
		<Unit filename="arbarlith2/engine/ModelLoader.h" />
		<Unit filename="arbarlith2/engine/MonsterFSM.cpp" />
		<Unit filename="arbarlith2/engine/MonsterFSM.h" />
		<Unit filename="arbarlith2/engine/MusicEngine.cpp" />
		<Unit filename="arbarlith2/engine/MusicEngine.h" />
		<Unit filename="arbarlith2/engine/PerformanceLabel.cpp" />
		<Unit filename="arbarlith2/engine/PerformanceLabel.h" />
		<Unit filename="arbarlith2/engine/PeriodicCallbackTask.h" />
		<Unit filename="arbarlith2/engine/PropertyBag.cpp" />
		<Unit filename="arbarlith2/engine/PropertyBag.h" />
		<Unit filename="arbarlith2/engine/QuadTreeNode.cpp" />
		<Unit filename="arbarlith2/engine/QuadTreeNode.h" />
		<Unit filename="arbarlith2/engine/SDLwindow.cpp" />
		<Unit filename="arbarlith2/engine/SDLwindow.h" />
		<Unit filename="arbarlith2/engine/ScreenShotTask.cpp" />
		<Unit filename="arbarlith2/engine/ScreenShotTask.h" />
		<Unit filename="arbarlith2/engine/SelectionList.cpp" />
		<Unit filename="arbarlith2/engine/SelectionList.h" />
		<Unit filename="arbarlith2/engine/Shadow.cpp" />
		<Unit filename="arbarlith2/engine/Shadow.h" />
		<Unit filename="arbarlith2/engine/ShadowManager.cpp" />
		<Unit filename="arbarlith2/engine/ShadowManager.h" />
		<Unit filename="arbarlith2/engine/SoundSystem.cpp" />
		<Unit filename="arbarlith2/engine/SoundSystem.h" />
		<Unit filename="arbarlith2/engine/SpellMenuKeyDetector.cpp" />
		<Unit filename="arbarlith2/engine/SpellMenuKeyDetector.h" />
		<Unit filename="arbarlith2/engine/SplashScreen.cpp" />
		<Unit filename="arbarlith2/engine/SplashScreen.h" />
		<Unit filename="arbarlith2/engine/StateMachine.cpp" />
		<Unit filename="arbarlith2/engine/StateMachine.h" />
		<Unit filename="arbarlith2/engine/StateMachineFactory.cpp" />
		<Unit filename="arbarlith2/engine/StateMachineFactory.h" />
		<Unit filename="arbarlith2/engine/StringSelectionList.h" />
		<Unit filename="arbarlith2/engine/Switch.cpp" />
		<Unit filename="arbarlith2/engine/Switch.h" />
		<Unit filename="arbarlith2/engine/TextureHandle.cpp" />
		<Unit filename="arbarlith2/engine/TextureHandle.h" />
		<Unit filename="arbarlith2/engine/TextureManager.cpp" />
		<Unit filename="arbarlith2/engine/TextureManager.h" />
		<Unit filename="arbarlith2/engine/Tile.cpp" />
		<Unit filename="arbarlith2/engine/Tile.h" />
		<Unit filename="arbarlith2/engine/ToggleWidget.cpp" />
		<Unit filename="arbarlith2/engine/ToggleWidget.h" />
		<Unit filename="arbarlith2/engine/ToggleWidgetText.cpp" />
		<Unit filename="arbarlith2/engine/ToggleWidgetText.h" />
		<Unit filename="arbarlith2/engine/ToolBarForEditorTools.cpp" />
		<Unit filename="arbarlith2/engine/ToolBarForEditorTools.h" />
		<Unit filename="arbarlith2/engine/Trigger.cpp" />
		<Unit filename="arbarlith2/engine/Trigger.h" />
		<Unit filename="arbarlith2/engine/TriggerParticles.cpp" />
		<Unit filename="arbarlith2/engine/TriggerParticles.h" />
		<Unit filename="arbarlith2/engine/TriggerPrompt.cpp" />
		<Unit filename="arbarlith2/engine/TriggerPrompt.h" />
		<Unit filename="arbarlith2/engine/TweakerWidget.h" />
		<Unit filename="arbarlith2/engine/VisualPriority.cpp" />
		<Unit filename="arbarlith2/engine/VisualPriority.h" />
		<Unit filename="arbarlith2/engine/WaitScreen.cpp" />
		<Unit filename="arbarlith2/engine/WaitScreen.h" />
		<Unit filename="arbarlith2/engine/animation.cpp" />
		<Unit filename="arbarlith2/engine/animation.h" />
		<Unit filename="arbarlith2/engine/application.cpp" />
		<Unit filename="arbarlith2/engine/camera.cpp" />
		<Unit filename="arbarlith2/engine/camera.h" />
		<Unit filename="arbarlith2/engine/creature.cpp" />
		<Unit filename="arbarlith2/engine/creature.h" />
		<Unit filename="arbarlith2/engine/file.cpp" />
		<Unit filename="arbarlith2/engine/file.h" />
		<Unit filename="arbarlith2/engine/fog.cpp" />
		<Unit filename="arbarlith2/engine/fog.h" />
		<Unit filename="arbarlith2/engine/frustum.cpp" />
		<Unit filename="arbarlith2/engine/frustum.h" />
		<Unit filename="arbarlith2/engine/gl.h" />
		<Unit filename="arbarlith2/engine/horizbar.cpp" />
		<Unit filename="arbarlith2/engine/horizbar.h" />
		<Unit filename="arbarlith2/engine/il.h" />
		<Unit filename="arbarlith2/engine/image.cpp" />
		<Unit filename="arbarlith2/engine/image.h" />
		<Unit filename="arbarlith2/engine/item.cpp" />
		<Unit filename="arbarlith2/engine/item.h" />
		<Unit filename="arbarlith2/engine/keyframe.cpp" />
		<Unit filename="arbarlith2/engine/keyframe.h" />
		<Unit filename="arbarlith2/engine/labelwidget.cpp" />
		<Unit filename="arbarlith2/engine/labelwidget.h" />
		<Unit filename="arbarlith2/engine/lamp.cpp" />
		<Unit filename="arbarlith2/engine/lamp.h" />
		<Unit filename="arbarlith2/engine/logstring.cpp" />
		<Unit filename="arbarlith2/engine/logstring.h" />
		<Unit filename="arbarlith2/engine/macros.h" />
		<Unit filename="arbarlith2/engine/mat4.cpp" />
		<Unit filename="arbarlith2/engine/mat4.h" />
		<Unit filename="arbarlith2/engine/material.cpp" />
		<Unit filename="arbarlith2/engine/material.h" />
		<Unit filename="arbarlith2/engine/mesh.cpp" />
		<Unit filename="arbarlith2/engine/mesh.h" />
		<Unit filename="arbarlith2/engine/misc.h" />
		<Unit filename="arbarlith2/engine/myassert.cpp" />
		<Unit filename="arbarlith2/engine/myassert.h" />
		<Unit filename="arbarlith2/engine/object.cpp" />
		<Unit filename="arbarlith2/engine/object.h" />
		<Unit filename="arbarlith2/engine/opengl.cpp" />
		<Unit filename="arbarlith2/engine/opengl.h" />
		<Unit filename="arbarlith2/engine/particle.cpp" />
		<Unit filename="arbarlith2/engine/particle.h" />
		<Unit filename="arbarlith2/engine/player.cpp" />
		<Unit filename="arbarlith2/engine/player.h" />
		<Unit filename="arbarlith2/engine/primitivedatatypes.h" />
		<Unit filename="arbarlith2/engine/profile.cpp" />
		<Unit filename="arbarlith2/engine/profile.h" />
		<Unit filename="arbarlith2/engine/random.h" />
		<Unit filename="arbarlith2/engine/searchfile.cpp" />
		<Unit filename="arbarlith2/engine/searchfile.h" />
		<Unit filename="arbarlith2/engine/singleton.h" />
		<Unit filename="arbarlith2/engine/stdafx.cpp" />
		<Unit filename="arbarlith2/engine/stdafx.h" />
		<Unit filename="arbarlith2/engine/task.h" />
		<Unit filename="arbarlith2/engine/text.cpp" />
		<Unit filename="arbarlith2/engine/text.h" />
		<Unit filename="arbarlith2/engine/timer.cpp" />
		<Unit filename="arbarlith2/engine/timer.h" />
		<Unit filename="arbarlith2/engine/tstring.cpp" />
		<Unit filename="arbarlith2/engine/tstring.h" />
		<Unit filename="arbarlith2/engine/vec4.h" />
		<Unit filename="arbarlith2/engine/widget.cpp" />
		<Unit filename="arbarlith2/engine/widget.h" />
		<Unit filename="arbarlith2/engine/widgetmanager.cpp" />
		<Unit filename="arbarlith2/engine/widgetmanager.h" />
		<Unit filename="arbarlith2/engine/windowwidget.cpp" />
		<Unit filename="arbarlith2/engine/windowwidget.h" />
		<Unit filename="arbarlith2/engine/world.cpp" />
		<Unit filename="arbarlith2/engine/world.h" />
		<Unit filename="arbarlith2/linux.cpp" />
		<Unit filename="arbarlith2/stdafx.h" />
		<Unit filename="arbarlith2/win32.cpp" />
		<Extensions>
			<code_completion />
			<debugger />
		</Extensions>
	</Project>
</CodeBlocks_project_file>
